// !$*UTF8*$!
{
	archiveVersion = 1;
	classes = {
	};
	objectVersion = 50;
	objects = {

/* Begin PBXBuildFile section */
		2F9295E7263EF9C70054CB71 /* AppDelegate.swift in Sources */ = {isa = PBXBuildFile; fileRef = 2F9295E6263EF9C70054CB71 /* AppDelegate.swift */; };
		2F9295E9263EF9C70054CB71 /* SceneDelegate.swift in Sources */ = {isa = PBXBuildFile; fileRef = 2F9295E8263EF9C70054CB71 /* SceneDelegate.swift */; };
		2F9295EB263EF9C70054CB71 /* ViewController.swift in Sources */ = {isa = PBXBuildFile; fileRef = 2F9295EA263EF9C70054CB71 /* ViewController.swift */; };
		2F9295EE263EF9C70054CB71 /* Main.storyboard in Resources */ = {isa = PBXBuildFile; fileRef = 2F9295EC263EF9C70054CB71 /* Main.storyboard */; };
		2F9295F0263EF9CA0054CB71 /* Assets.xcassets in Resources */ = {isa = PBXBuildFile; fileRef = 2F9295EF263EF9CA0054CB71 /* Assets.xcassets */; };
		2F9295F3263EF9CA0054CB71 /* LaunchScreen.storyboard in Resources */ = {isa = PBXBuildFile; fileRef = 2F9295F1263EF9CA0054CB71 /* LaunchScreen.storyboard */; };
/* End PBXBuildFile section */

/* Begin PBXFileReference section */
		2F9295E3263EF9C70054CB71 /* GRUserDefaultExample.app */ = {isa = PBXFileReference; explicitFileType = wrapper.application; includeInIndex = 0; path = GRUserDefaultExample.app; sourceTree = BUILT_PRODUCTS_DIR; };
		2F9295E6263EF9C70054CB71 /* AppDelegate.swift */ = {isa = PBXFileReference; lastKnownFileType = sourcecode.swift; path = AppDelegate.swift; sourceTree = "<group>"; };
		2F9295E8263EF9C70054CB71 /* SceneDelegate.swift */ = {isa = PBXFileReference; lastKnownFileType = sourcecode.swift; path = SceneDelegate.swift; sourceTree = "<group>"; };
		2F9295EA263EF9C70054CB71 /* ViewController.swift */ = {isa = PBXFileReference; lastKnownFileType = sourcecode.swift; path = ViewController.swift; sourceTree = "<group>"; };
		2F9295ED263EF9C70054CB71 /* Base */ = {isa = PBXFileReference; lastKnownFileType = file.storyboard; name = Base; path = Base.lproj/Main.storyboard; sourceTree = "<group>"; };
		2F9295EF263EF9CA0054CB71 /* Assets.xcassets */ = {isa = PBXFileReference; lastKnownFileType = folder.assetcatalog; path = Assets.xcassets; sourceTree = "<group>"; };
		2F9295F2263EF9CA0054CB71 /* Base */ = {isa = PBXFileReference; lastKnownFileType = file.storyboard; name = Base; path = Base.lproj/LaunchScreen.storyboard; sourceTree = "<group>"; };
		2F9295F4263EF9CA0054CB71 /* Info.plist */ = {isa = PBXFileReference; lastKnownFileType = text.plist.xml; path = Info.plist; sourceTree = "<group>"; };
/* End PBXFileReference section */

/* Begin PBXFrameworksBuildPhase section */
		2F9295E0263EF9C70054CB71 /* Frameworks */ = {
			isa = PBXFrameworksBuildPhase;
			buildActionMask = 2147483647;
			files = (
			);
			runOnlyForDeploymentPostprocessing = 0;
		};
/* End PBXFrameworksBuildPhase section */

/* Begin PBXGroup section */
		2F9295DA263EF9C70054CB71 = {
			isa = PBXGroup;
			children = (
				2F9295E5263EF9C70054CB71 /* GRUserDefaultExample */,
				2F9295E4263EF9C70054CB71 /* Products */,
			);
			sourceTree = "<group>";
		};
		2F9295E4263EF9C70054CB71 /* Products */ = {
			isa = PBXGroup;
			children = (
				2F9295E3263EF9C70054CB71 /* GRUserDefaultExample.app */,
			);
			name = Products;
			sourceTree = "<group>";
		};
		2F9295E5263EF9C70054CB71 /* GRUserDefaultExample */ = {
			isa = PBXGroup;
			children = (
				2F9295E6263EF9C70054CB71 /* AppDelegate.swift */,
				2F9295E8263EF9C70054CB71 /* SceneDelegate.swift */,
				2F9295EA263EF9C70054CB71 /* ViewController.swift */,
				2F9295EC263EF9C70054CB71 /* Main.storyboard */,
				2F9295EF263EF9CA0054CB71 /* Assets.xcassets */,
				2F9295F1263EF9CA0054CB71 /* LaunchScreen.storyboard */,
				2F9295F4263EF9CA0054CB71 /* Info.plist */,
			);
			path = GRUserDefaultExample;
			sourceTree = "<group>";
		};
/* End PBXGroup section */

/* Begin PBXNativeTarget section */
		2F9295E2263EF9C70054CB71 /* GRUserDefaultExample */ = {
			isa = PBXNativeTarget;
			buildConfigurationList = 2F9295F7263EF9CA0054CB71 /* Build configuration list for PBXNativeTarget "GRUserDefaultExample" */;
			buildPhases = (
				2F9295DF263EF9C70054CB71 /* Sources */,
				2F9295E0263EF9C70054CB71 /* Frameworks */,
				2F9295E1263EF9C70054CB71 /* Resources */,
			);
			buildRules = (
			);
			dependencies = (
			);
			name = GRUserDefaultExample;
			productName = GRUserDefaultExample;
			productReference = 2F9295E3263EF9C70054CB71 /* GRUserDefaultExample.app */;
			productType = "com.apple.product-type.application";
		};
/* End PBXNativeTarget section */

/* Begin PBXProject section */
		2F9295DB263EF9C70054CB71 /* Project object */ = {
			isa = PBXProject;
			attributes = {
				LastSwiftUpdateCheck = 1250;
				LastUpgradeCheck = 1250;
				TargetAttributes = {
					2F9295E2263EF9C70054CB71 = {
						CreatedOnToolsVersion = 12.5;
					};
				};
			};
			buildConfigurationList = 2F9295DE263EF9C70054CB71 /* Build configuration list for PBXProject "GRUserDefaultExample" */;
			compatibilityVersion = "Xcode 9.3";
			developmentRegion = en;
			hasScannedForEncodings = 0;
			knownRegions = (
				en,
				Base,
			);
			mainGroup = 2F9295DA263EF9C70054CB71;
			productRefGroup = 2F9295E4263EF9C70054CB71 /* Products */;
			projectDirPath = "";
			projectRoot = "";
			targets = (
				2F9295E2263EF9C70054CB71 /* GRUserDefaultExample */,
			);
		};
/* End PBXProject section */

/* Begin PBXResourcesBuildPhase section */
		2F9295E1263EF9C70054CB71 /* Resources */ = {
			isa = PBXResourcesBuildPhase;
			buildActionMask = 2147483647;
			files = (
				2F9295F3263EF9CA0054CB71 /* LaunchScreen.storyboard in Resources */,
				2F9295F0263EF9CA0054CB71 /* Assets.xcassets in Resources */,
				2F9295EE263EF9C70054CB71 /* Main.storyboard in Resources */,
			);
			runOnlyForDeploymentPostprocessing = 0;
		};
/* End PBXResourcesBuildPhase section */

/* Begin PBXSourcesBuildPhase section */
		2F9295DF263EF9C70054CB71 /* Sources */ = {
			isa = PBXSourcesBuildPhase;
			buildActionMask = 2147483647;
			files = (
				2F9295EB263EF9C70054CB71 /* ViewController.swift in Sources */,
				2F9295E7263EF9C70054CB71 /* AppDelegate.swift in Sources */,
				2F9295E9263EF9C70054CB71 /* SceneDelegate.swift in Sources */,
			);
			runOnlyForDeploymentPostprocessing = 0;
		};
/* End PBXSourcesBuildPhase section */

/* Begin PBXVariantGroup section */
		2F9295EC263EF9C70054CB71 /* Main.storyboard */ = {
			isa = PBXVariantGroup;
			children = (
				2F9295ED263EF9C70054CB71 /* Base */,
			);
			name = Main.storyboard;
			sourceTree = "<group>";
		};
		2F9295F1263EF9CA0054CB71 /* LaunchScreen.storyboard */ = {
			isa = PBXVariantGroup;
			children = (
				2F9295F2263EF9CA0054CB71 /* Base */,
			);
			name = LaunchScreen.storyboard;
			sourceTree = "<group>";
		};
/* End PBXVariantGroup section */

/* Begin XCBuildConfiguration section */
		2F9295F5263EF9CA0054CB71 /* Debug */ = {
			isa = XCBuildConfiguration;
			buildSettings = {
				ALWAYS_SEARCH_USER_PATHS = NO;
				CLANG_ANALYZER_NONNULL = YES;
				CLANG_ANALYZER_NUMBER_OBJECT_CONVERSION = YES_AGGRESSIVE;
				CLANG_CXX_LANGUAGE_STANDARD = "gnu++14";
				CLANG_CXX_LIBRARY = "libc++";
				CLANG_ENABLE_MODULES = YES;
				CLANG_ENABLE_OBJC_ARC = YES;
				CLANG_ENABLE_OBJC_WEAK = YES;
				CLANG_WARN_BLOCK_CAPTURE_AUTORELEASING = YES;
				CLANG_WARN_BOOL_CONVERSION = YES;
				CLANG_WARN_COMMA = YES;
				CLANG_WARN_CONSTANT_CONVERSION = YES;
				CLANG_WARN_DEPRECATED_OBJC_IMPLEMENTATIONS = YES;
				CLANG_WARN_DIRECT_OBJC_ISA_USAGE = YES_ERROR;
				CLANG_WARN_DOCUMENTATION_COMMENTS = YES;
				CLANG_WARN_EMPTY_BODY = YES;
				CLANG_WARN_ENUM_CONVERSION = YES;
				CLANG_WARN_INFINITE_RECURSION = YES;
				CLANG_WARN_INT_CONVERSION = YES;
				CLANG_WARN_NON_LITERAL_NULL_CONVERSION = YES;
				CLANG_WARN_OBJC_IMPLICIT_RETAIN_SELF = YES;
				CLANG_WARN_OBJC_LITERAL_CONVERSION = YES;
				CLANG_WARN_OBJC_ROOT_CLASS = YES_ERROR;
				CLANG_WARN_QUOTED_INCLUDE_IN_FRAMEWORK_HEADER = YES;
				CLANG_WARN_RANGE_LOOP_ANALYSIS = YES;
				CLANG_WARN_STRICT_PROTOTYPES = YES;
				CLANG_WARN_SUSPICIOUS_MOVE = YES;
				CLANG_WARN_UNGUARDED_AVAILABILITY = YES_AGGRESSIVE;
				CLANG_WARN_UNREACHABLE_CODE = YES;
				CLANG_WARN__DUPLICATE_METHOD_MATCH = YES;
				COPY_PHASE_STRIP = NO;
				DEBUG_INFORMATION_FORMAT = dwarf;
				ENABLE_STRICT_OBJC_MSGSEND = YES;
				ENABLE_TESTABILITY = YES;
				GCC_C_LANGUAGE_STANDARD = gnu11;
				GCC_DYNAMIC_NO_PIC = NO;
				GCC_NO_COMMON_BLOCKS = YES;
				GCC_OPTIMIZATION_LEVEL = 0;
				GCC_PREPROCESSOR_DEFINITIONS = (
					"DEBUG=1",
					"$(inherited)",
				);
				GCC_WARN_64_TO_32_BIT_CONVERSION = YES;
				GCC_WARN_ABOUT_RETURN_TYPE = YES_ERROR;
				GCC_WARN_UNDECLARED_SELECTOR = YES;
				GCC_WARN_UNINITIALIZED_AUTOS = YES_AGGRESSIVE;
				GCC_WARN_UNUSED_FUNCTION = YES;
				GCC_WARN_UNUSED_VARIABLE = YES;
				IPHONEOS_DEPLOYMENT_TARGET = 14.5;
				MTL_ENABLE_DEBUG_INFO = INCLUDE_SOURCE;
				MTL_FAST_MATH = YES;
				ONLY_ACTIVE_ARCH = YES;
				SDKROOT = iphoneos;
				SWIFT_ACTIVE_COMPILATION_CONDITIONS = DEBUG;
				SWIFT_OPTIMIZATION_LEVEL = "-Onone";
			};
			name = Debug;
		};
		2F9295F6263EF9CA0054CB71 /* Release */ = {
			isa = XCBuildConfiguration;
			buildSettings = {
				ALWAYS_SEARCH_USER_PATHS = NO;
				CLANG_ANALYZER_NONNULL = YES;
				CLANG_ANALYZER_NUMBER_OBJECT_CONVERSION = YES_AGGRESSIVE;
				CLANG_CXX_LANGUAGE_STANDARD = "gnu++14";
				CLANG_CXX_LIBRARY = "libc++";
				CLANG_ENABLE_MODULES = YES;
				CLANG_ENABLE_OBJC_ARC = YES;
				CLANG_ENABLE_OBJC_WEAK = YES;
				CLANG_WARN_BLOCK_CAPTURE_AUTORELEASING = YES;
				CLANG_WARN_BOOL_CONVERSION = YES;
				CLANG_WARN_COMMA = YES;
				CLANG_WARN_CONSTANT_CONVERSION = YES;
				CLANG_WARN_DEPRECATED_OBJC_IMPLEMENTATIONS = YES;
				CLANG_WARN_DIRECT_OBJC_ISA_USAGE = YES_ERROR;
				CLANG_WARN_DOCUMENTATION_COMMENTS = YES;
				CLANG_WARN_EMPTY_BODY = YES;
				CLANG_WARN_ENUM_CONVERSION = YES;
				CLANG_WARN_INFINITE_RECURSION = YES;
				CLANG_WARN_INT_CONVERSION = YES;
				CLANG_WARN_NON_LITERAL_NULL_CONVERSION = YES;
				CLANG_WARN_OBJC_IMPLICIT_RETAIN_SELF = YES;
				CLANG_WARN_OBJC_LITERAL_CONVERSION = YES;
				CLANG_WARN_OBJC_ROOT_CLASS = YES_ERROR;
				CLANG_WARN_QUOTED_INCLUDE_IN_FRAMEWORK_HEADER = YES;
				CLANG_WARN_RANGE_LOOP_ANALYSIS = YES;
				CLANG_WARN_STRICT_PROTOTYPES = YES;
				CLANG_WARN_SUSPICIOUS_MOVE = YES;
				CLANG_WARN_UNGUARDED_AVAILABILITY = YES_AGGRESSIVE;
				CLANG_WARN_UNREACHABLE_CODE = YES;
				CLANG_WARN__DUPLICATE_METHOD_MATCH = YES;
				COPY_PHASE_STRIP = NO;
				DEBUG_INFORMATION_FORMAT = "dwarf-with-dsym";
				ENABLE_NS_ASSERTIONS = NO;
				ENABLE_STRICT_OBJC_MSGSEND = YES;
				GCC_C_LANGUAGE_STANDARD = gnu11;
				GCC_NO_COMMON_BLOCKS = YES;
				GCC_WARN_64_TO_32_BIT_CONVERSION = YES;
				GCC_WARN_ABOUT_RETURN_TYPE = YES_ERROR;
				GCC_WARN_UNDECLARED_SELECTOR = YES;
				GCC_WARN_UNINITIALIZED_AUTOS = YES_AGGRESSIVE;
				GCC_WARN_UNUSED_FUNCTION = YES;
				GCC_WARN_UNUSED_VARIABLE = YES;
				IPHONEOS_DEPLOYMENT_TARGET = 14.5;
				MTL_ENABLE_DEBUG_INFO = NO;
				MTL_FAST_MATH = YES;
				SDKROOT = iphoneos;
				SWIFT_COMPILATION_MODE = wholemodule;
				SWIFT_OPTIMIZATION_LEVEL = "-O";
				VALIDATE_PRODUCT = YES;
			};
			name = Release;
		};
		2F9295F8263EF9CA0054CB71 /* Debug */ = {
			isa = XCBuildConfiguration;
			buildSettings = {
				ASSETCATALOG_COMPILER_APPICON_NAME = AppIcon;
				ASSETCATALOG_COMPILER_GLOBAL_ACCENT_COLOR_NAME = AccentColor;
				CODE_SIGN_STYLE = Automatic;
				DEVELOPMENT_TEAM = W2AP4NZRDB;
				INFOPLIST_FILE = GRUserDefaultExample/Info.plist;
				LD_RUNPATH_SEARCH_PATHS = (
					"$(inherited)",
					"@executable_path/Frameworks",
				);
				PRODUCT_BUNDLE_IDENTIFIER = com.code.GRUserDefaultExample;
				PRODUCT_NAME = "$(TARGET_NAME)";
				SWIFT_VERSION = 5.0;
				TARGETED_DEVICE_FAMILY = "1,2";
			};
			name = Debug;
		};
		2F9295F9263EF9CA0054CB71 /* Release */ = {
			isa = XCBuildConfiguration;
			buildSettings = {
				ASSETCATALOG_COMPILER_APPICON_NAME = AppIcon;
				ASSETCATALOG_COMPILER_GLOBAL_ACCENT_COLOR_NAME = AccentColor;
				CODE_SIGN_STYLE = Automatic;
				DEVELOPMENT_TEAM = W2AP4NZRDB;
				INFOPLIST_FILE = GRUserDefaultExample/Info.plist;
				LD_RUNPATH_SEARCH_PATHS = (
					"$(inherited)",
					"@executable_path/Frameworks",
				);
				PRODUCT_BUNDLE_IDENTIFIER = com.code.GRUserDefaultExample;
				PRODUCT_NAME = "$(TARGET_NAME)";
				SWIFT_VERSION = 5.0;
				TARGETED_DEVICE_FAMILY = "1,2";
			};
			name = Release;
		};
/* End XCBuildConfiguration section */

/* Begin XCConfigurationList section */
		2F9295DE263EF9C70054CB71 /* Build configuration list for PBXProject "GRUserDefaultExample" */ = {
			isa = XCConfigurationList;
			buildConfigurations = (
				2F9295F5263EF9CA0054CB71 /* Debug */,
				2F9295F6263EF9CA0054CB71 /* Release */,
			);
			defaultConfigurationIsVisible = 0;
			defaultConfigurationName = Release;
		};
		2F9295F7263EF9CA0054CB71 /* Build configuration list for PBXNativeTarget "GRUserDefaultExample" */ = {
			isa = XCConfigurationList;
			buildConfigurations = (
				2F9295F8263EF9CA0054CB71 /* Debug */,
				2F9295F9263EF9CA0054CB71 /* Release */,
			);
			defaultConfigurationIsVisible = 0;
			defaultConfigurationName = Release;
		};
/* End XCConfigurationList section */
	};
	rootObject = 2F9295DB263EF9C70054CB71 /* Project object */;
}
